
Microsoft Visual Studio Solution File, Format Version 12.00
# Visual Studio 15
VisualStudioVersion = 15.0.27703.2026
MinimumVisualStudioVersion = 10.0.40219.1
Project("{2150E333-8FDC-42A3-9474-1A3956D46DE8}") = "src", "src", "{74F5772F-0EB8-4DD5-8236-08D74B858044}"
EndProject
Project("{2150E333-8FDC-42A3-9474-1A3956D46DE8}") = "Test", "Test", "{486F33AD-F66B-4100-AA13-AB0760D7A361}"
EndProject
Project("{9A19103F-16F7-4668-BE54-9A1E7A4F7556}") = "WxUilt", "WxUilt\WxUilt.csproj", "{7CA0DAED-3B1E-4464-89C4-41B2D89E7F8F}"
EndProject
Project("{9A19103F-16F7-4668-BE54-9A1E7A4F7556}") = "WxUnit.Test", "WxUnit.Test\WxUnit.Test.csproj", "{4ED51DE4-1422-4EE4-82C5-21744DE6D9E6}"
EndProject
Project("{2150E333-8FDC-42A3-9474-1A3956D46DE8}") = "Services", "Services", "{5D223CD2-0528-4BC7-86AF-38FACD506353}"
EndProject
Project("{2150E333-8FDC-42A3-9474-1A3956D46DE8}") = "EventBus", "EventBus", "{DFE405F3-DF70-422A-B77E-28930E048201}"
EndProject
Project("{9A19103F-16F7-4668-BE54-9A1E7A4F7556}") = "IEventBus", "IEventBus\IEventBus.csproj", "{146C447C-55DB-40F1-8A70-DBD16BC0C133}"
EndProject
Project("{9A19103F-16F7-4668-BE54-9A1E7A4F7556}") = "EventBusRabbitMQ", "EventBusRabbitMQ\EventBusRabbitMQ.csproj", "{4797F4E3-A41F-47FD-A856-96FF2573FFB8}"
EndProject
Project("{9A19103F-16F7-4668-BE54-9A1E7A4F7556}") = "DataMsgBus", "DataMsgBus\DataMsgBus.csproj", "{FD60C591-0C56-4E83-815A-F2A895B71460}"
EndProject
Project("{9A19103F-16F7-4668-BE54-9A1E7A4F7556}") = "MessageService", "MessageService\MessageService.csproj", "{7B5987AC-55F1-4E91-8593-30A4591C54F2}"
EndProject
Project("{9A19103F-16F7-4668-BE54-9A1E7A4F7556}") = "WxAppliaction", "WxAppliaction\WxAppliaction.csproj", "{51D1B862-06E0-4AFF-92E9-8B8BB3C65CDA}"
EndProject
Project("{2150E333-8FDC-42A3-9474-1A3956D46DE8}") = "WebApp", "WebApp", "{975BAAB9-607A-4931-A2FC-BE01F1D349FF}"
EndProject
Project("{9A19103F-16F7-4668-BE54-9A1E7A4F7556}") = "WeiXinMessageTs", "WeiXinMessageTs\WeiXinMessageTs.csproj", "{8BC29F7C-D378-4DE3-B0BA-4FCDE76DB214}"
EndProject
Project("{2150E333-8FDC-42A3-9474-1A3956D46DE8}") = "View", "View", "{C47F55E6-5BCF-4A96-A5E6-61702E49FE6B}"
EndProject
Project("{FAE04EC0-301F-11D3-BF4B-00C04F79EFBC}") = "WeiXinView", "WeiXinView\WeiXinView.csproj", "{259FD27E-93F0-49C1-AF92-D809BA879DDE}"
EndProject
Global
	GlobalSection(SolutionConfigurationPlatforms) = preSolution
		Debug|Any CPU = Debug|Any CPU
		Debug|x64 = Debug|x64
		Debug|x86 = Debug|x86
		Release|Any CPU = Release|Any CPU
		Release|x64 = Release|x64
		Release|x86 = Release|x86
	EndGlobalSection
	GlobalSection(ProjectConfigurationPlatforms) = postSolution
		{7CA0DAED-3B1E-4464-89C4-41B2D89E7F8F}.Debug|Any CPU.ActiveCfg = Debug|Any CPU
		{7CA0DAED-3B1E-4464-89C4-41B2D89E7F8F}.Debug|Any CPU.Build.0 = Debug|Any CPU
		{7CA0DAED-3B1E-4464-89C4-41B2D89E7F8F}.Debug|x64.ActiveCfg = Debug|Any CPU
		{7CA0DAED-3B1E-4464-89C4-41B2D89E7F8F}.Debug|x64.Build.0 = Debug|Any CPU
		{7CA0DAED-3B1E-4464-89C4-41B2D89E7F8F}.Debug|x86.ActiveCfg = Debug|Any CPU
		{7CA0DAED-3B1E-4464-89C4-41B2D89E7F8F}.Debug|x86.Build.0 = Debug|Any CPU
		{7CA0DAED-3B1E-4464-89C4-41B2D89E7F8F}.Release|Any CPU.ActiveCfg = Release|Any CPU
		{7CA0DAED-3B1E-4464-89C4-41B2D89E7F8F}.Release|Any CPU.Build.0 = Release|Any CPU
		{7CA0DAED-3B1E-4464-89C4-41B2D89E7F8F}.Release|x64.ActiveCfg = Release|Any CPU
		{7CA0DAED-3B1E-4464-89C4-41B2D89E7F8F}.Release|x64.Build.0 = Release|Any CPU
		{7CA0DAED-3B1E-4464-89C4-41B2D89E7F8F}.Release|x86.ActiveCfg = Release|Any CPU
		{7CA0DAED-3B1E-4464-89C4-41B2D89E7F8F}.Release|x86.Build.0 = Release|Any CPU
		{4ED51DE4-1422-4EE4-82C5-21744DE6D9E6}.Debug|Any CPU.ActiveCfg = Debug|Any CPU
		{4ED51DE4-1422-4EE4-82C5-21744DE6D9E6}.Debug|Any CPU.Build.0 = Debug|Any CPU
		{4ED51DE4-1422-4EE4-82C5-21744DE6D9E6}.Debug|x64.ActiveCfg = Debug|Any CPU
		{4ED51DE4-1422-4EE4-82C5-21744DE6D9E6}.Debug|x64.Build.0 = Debug|Any CPU
		{4ED51DE4-1422-4EE4-82C5-21744DE6D9E6}.Debug|x86.ActiveCfg = Debug|Any CPU
		{4ED51DE4-1422-4EE4-82C5-21744DE6D9E6}.Debug|x86.Build.0 = Debug|Any CPU
		{4ED51DE4-1422-4EE4-82C5-21744DE6D9E6}.Release|Any CPU.ActiveCfg = Release|Any CPU
		{4ED51DE4-1422-4EE4-82C5-21744DE6D9E6}.Release|Any CPU.Build.0 = Release|Any CPU
		{4ED51DE4-1422-4EE4-82C5-21744DE6D9E6}.Release|x64.ActiveCfg = Release|Any CPU
		{4ED51DE4-1422-4EE4-82C5-21744DE6D9E6}.Release|x64.Build.0 = Release|Any CPU
		{4ED51DE4-1422-4EE4-82C5-21744DE6D9E6}.Release|x86.ActiveCfg = Release|Any CPU
		{4ED51DE4-1422-4EE4-82C5-21744DE6D9E6}.Release|x86.Build.0 = Release|Any CPU
		{146C447C-55DB-40F1-8A70-DBD16BC0C133}.Debug|Any CPU.ActiveCfg = Debug|Any CPU
		{146C447C-55DB-40F1-8A70-DBD16BC0C133}.Debug|Any CPU.Build.0 = Debug|Any CPU
		{146C447C-55DB-40F1-8A70-DBD16BC0C133}.Debug|x64.ActiveCfg = Debug|Any CPU
		{146C447C-55DB-40F1-8A70-DBD16BC0C133}.Debug|x64.Build.0 = Debug|Any CPU
		{146C447C-55DB-40F1-8A70-DBD16BC0C133}.Debug|x86.ActiveCfg = Debug|Any CPU
		{146C447C-55DB-40F1-8A70-DBD16BC0C133}.Debug|x86.Build.0 = Debug|Any CPU
		{146C447C-55DB-40F1-8A70-DBD16BC0C133}.Release|Any CPU.ActiveCfg = Release|Any CPU
		{146C447C-55DB-40F1-8A70-DBD16BC0C133}.Release|Any CPU.Build.0 = Release|Any CPU
		{146C447C-55DB-40F1-8A70-DBD16BC0C133}.Release|x64.ActiveCfg = Release|Any CPU
		{146C447C-55DB-40F1-8A70-DBD16BC0C133}.Release|x64.Build.0 = Release|Any CPU
		{146C447C-55DB-40F1-8A70-DBD16BC0C133}.Release|x86.ActiveCfg = Release|Any CPU
		{146C447C-55DB-40F1-8A70-DBD16BC0C133}.Release|x86.Build.0 = Release|Any CPU
		{4797F4E3-A41F-47FD-A856-96FF2573FFB8}.Debug|Any CPU.ActiveCfg = Debug|Any CPU
		{4797F4E3-A41F-47FD-A856-96FF2573FFB8}.Debug|Any CPU.Build.0 = Debug|Any CPU
		{4797F4E3-A41F-47FD-A856-96FF2573FFB8}.Debug|x64.ActiveCfg = Debug|Any CPU
		{4797F4E3-A41F-47FD-A856-96FF2573FFB8}.Debug|x64.Build.0 = Debug|Any CPU
		{4797F4E3-A41F-47FD-A856-96FF2573FFB8}.Debug|x86.ActiveCfg = Debug|Any CPU
		{4797F4E3-A41F-47FD-A856-96FF2573FFB8}.Debug|x86.Build.0 = Debug|Any CPU
		{4797F4E3-A41F-47FD-A856-96FF2573FFB8}.Release|Any CPU.ActiveCfg = Release|Any CPU
		{4797F4E3-A41F-47FD-A856-96FF2573FFB8}.Release|Any CPU.Build.0 = Release|Any CPU
		{4797F4E3-A41F-47FD-A856-96FF2573FFB8}.Release|x64.ActiveCfg = Release|Any CPU
		{4797F4E3-A41F-47FD-A856-96FF2573FFB8}.Release|x64.Build.0 = Release|Any CPU
		{4797F4E3-A41F-47FD-A856-96FF2573FFB8}.Release|x86.ActiveCfg = Release|Any CPU
		{4797F4E3-A41F-47FD-A856-96FF2573FFB8}.Release|x86.Build.0 = Release|Any CPU
		{FD60C591-0C56-4E83-815A-F2A895B71460}.Debug|Any CPU.ActiveCfg = Debug|Any CPU
		{FD60C591-0C56-4E83-815A-F2A895B71460}.Debug|Any CPU.Build.0 = Debug|Any CPU
		{FD60C591-0C56-4E83-815A-F2A895B71460}.Debug|x64.ActiveCfg = Debug|Any CPU
		{FD60C591-0C56-4E83-815A-F2A895B71460}.Debug|x64.Build.0 = Debug|Any CPU
		{FD60C591-0C56-4E83-815A-F2A895B71460}.Debug|x86.ActiveCfg = Debug|Any CPU
		{FD60C591-0C56-4E83-815A-F2A895B71460}.Debug|x86.Build.0 = Debug|Any CPU
		{FD60C591-0C56-4E83-815A-F2A895B71460}.Release|Any CPU.ActiveCfg = Release|Any CPU
		{FD60C591-0C56-4E83-815A-F2A895B71460}.Release|Any CPU.Build.0 = Release|Any CPU
		{FD60C591-0C56-4E83-815A-F2A895B71460}.Release|x64.ActiveCfg = Release|Any CPU
		{FD60C591-0C56-4E83-815A-F2A895B71460}.Release|x64.Build.0 = Release|Any CPU
		{FD60C591-0C56-4E83-815A-F2A895B71460}.Release|x86.ActiveCfg = Release|Any CPU
		{FD60C591-0C56-4E83-815A-F2A895B71460}.Release|x86.Build.0 = Release|Any CPU
		{7B5987AC-55F1-4E91-8593-30A4591C54F2}.Debug|Any CPU.ActiveCfg = Debug|Any CPU
		{7B5987AC-55F1-4E91-8593-30A4591C54F2}.Debug|Any CPU.Build.0 = Debug|Any CPU
		{7B5987AC-55F1-4E91-8593-30A4591C54F2}.Debug|x64.ActiveCfg = Debug|Any CPU
		{7B5987AC-55F1-4E91-8593-30A4591C54F2}.Debug|x64.Build.0 = Debug|Any CPU
		{7B5987AC-55F1-4E91-8593-30A4591C54F2}.Debug|x86.ActiveCfg = Debug|Any CPU
		{7B5987AC-55F1-4E91-8593-30A4591C54F2}.Debug|x86.Build.0 = Debug|Any CPU
		{7B5987AC-55F1-4E91-8593-30A4591C54F2}.Release|Any CPU.ActiveCfg = Release|Any CPU
		{7B5987AC-55F1-4E91-8593-30A4591C54F2}.Release|Any CPU.Build.0 = Release|Any CPU
		{7B5987AC-55F1-4E91-8593-30A4591C54F2}.Release|x64.ActiveCfg = Release|Any CPU
		{7B5987AC-55F1-4E91-8593-30A4591C54F2}.Release|x64.Build.0 = Release|Any CPU
		{7B5987AC-55F1-4E91-8593-30A4591C54F2}.Release|x86.ActiveCfg = Release|Any CPU
		{7B5987AC-55F1-4E91-8593-30A4591C54F2}.Release|x86.Build.0 = Release|Any CPU
		{51D1B862-06E0-4AFF-92E9-8B8BB3C65CDA}.Debug|Any CPU.ActiveCfg = Debug|Any CPU
		{51D1B862-06E0-4AFF-92E9-8B8BB3C65CDA}.Debug|Any CPU.Build.0 = Debug|Any CPU
		{51D1B862-06E0-4AFF-92E9-8B8BB3C65CDA}.Debug|x64.ActiveCfg = Debug|Any CPU
		{51D1B862-06E0-4AFF-92E9-8B8BB3C65CDA}.Debug|x64.Build.0 = Debug|Any CPU
		{51D1B862-06E0-4AFF-92E9-8B8BB3C65CDA}.Debug|x86.ActiveCfg = Debug|Any CPU
		{51D1B862-06E0-4AFF-92E9-8B8BB3C65CDA}.Debug|x86.Build.0 = Debug|Any CPU
		{51D1B862-06E0-4AFF-92E9-8B8BB3C65CDA}.Release|Any CPU.ActiveCfg = Release|Any CPU
		{51D1B862-06E0-4AFF-92E9-8B8BB3C65CDA}.Release|Any CPU.Build.0 = Release|Any CPU
		{51D1B862-06E0-4AFF-92E9-8B8BB3C65CDA}.Release|x64.ActiveCfg = Release|Any CPU
		{51D1B862-06E0-4AFF-92E9-8B8BB3C65CDA}.Release|x64.Build.0 = Release|Any CPU
		{51D1B862-06E0-4AFF-92E9-8B8BB3C65CDA}.Release|x86.ActiveCfg = Release|Any CPU
		{51D1B862-06E0-4AFF-92E9-8B8BB3C65CDA}.Release|x86.Build.0 = Release|Any CPU
		{8BC29F7C-D378-4DE3-B0BA-4FCDE76DB214}.Debug|Any CPU.ActiveCfg = Debug|Any CPU
		{8BC29F7C-D378-4DE3-B0BA-4FCDE76DB214}.Debug|Any CPU.Build.0 = Debug|Any CPU
		{8BC29F7C-D378-4DE3-B0BA-4FCDE76DB214}.Debug|x64.ActiveCfg = Debug|Any CPU
		{8BC29F7C-D378-4DE3-B0BA-4FCDE76DB214}.Debug|x64.Build.0 = Debug|Any CPU
		{8BC29F7C-D378-4DE3-B0BA-4FCDE76DB214}.Debug|x86.ActiveCfg = Debug|Any CPU
		{8BC29F7C-D378-4DE3-B0BA-4FCDE76DB214}.Debug|x86.Build.0 = Debug|Any CPU
		{8BC29F7C-D378-4DE3-B0BA-4FCDE76DB214}.Release|Any CPU.ActiveCfg = Release|Any CPU
		{8BC29F7C-D378-4DE3-B0BA-4FCDE76DB214}.Release|Any CPU.Build.0 = Release|Any CPU
		{8BC29F7C-D378-4DE3-B0BA-4FCDE76DB214}.Release|x64.ActiveCfg = Release|Any CPU
		{8BC29F7C-D378-4DE3-B0BA-4FCDE76DB214}.Release|x64.Build.0 = Release|Any CPU
		{8BC29F7C-D378-4DE3-B0BA-4FCDE76DB214}.Release|x86.ActiveCfg = Release|Any CPU
		{8BC29F7C-D378-4DE3-B0BA-4FCDE76DB214}.Release|x86.Build.0 = Release|Any CPU
		{259FD27E-93F0-49C1-AF92-D809BA879DDE}.Debug|Any CPU.ActiveCfg = Debug|Any CPU
		{259FD27E-93F0-49C1-AF92-D809BA879DDE}.Debug|Any CPU.Build.0 = Debug|Any CPU
		{259FD27E-93F0-49C1-AF92-D809BA879DDE}.Debug|x64.ActiveCfg = Debug|Any CPU
		{259FD27E-93F0-49C1-AF92-D809BA879DDE}.Debug|x64.Build.0 = Debug|Any CPU
		{259FD27E-93F0-49C1-AF92-D809BA879DDE}.Debug|x86.ActiveCfg = Debug|Any CPU
		{259FD27E-93F0-49C1-AF92-D809BA879DDE}.Debug|x86.Build.0 = Debug|Any CPU
		{259FD27E-93F0-49C1-AF92-D809BA879DDE}.Release|Any CPU.ActiveCfg = Release|Any CPU
		{259FD27E-93F0-49C1-AF92-D809BA879DDE}.Release|Any CPU.Build.0 = Release|Any CPU
		{259FD27E-93F0-49C1-AF92-D809BA879DDE}.Release|x64.ActiveCfg = Release|Any CPU
		{259FD27E-93F0-49C1-AF92-D809BA879DDE}.Release|x64.Build.0 = Release|Any CPU
		{259FD27E-93F0-49C1-AF92-D809BA879DDE}.Release|x86.ActiveCfg = Release|Any CPU
		{259FD27E-93F0-49C1-AF92-D809BA879DDE}.Release|x86.Build.0 = Release|Any CPU
	EndGlobalSection
	GlobalSection(SolutionProperties) = preSolution
		HideSolutionNode = FALSE
	EndGlobalSection
	GlobalSection(NestedProjects) = preSolution
		{7CA0DAED-3B1E-4464-89C4-41B2D89E7F8F} = {74F5772F-0EB8-4DD5-8236-08D74B858044}
		{4ED51DE4-1422-4EE4-82C5-21744DE6D9E6} = {486F33AD-F66B-4100-AA13-AB0760D7A361}
		{5D223CD2-0528-4BC7-86AF-38FACD506353} = {74F5772F-0EB8-4DD5-8236-08D74B858044}
		{DFE405F3-DF70-422A-B77E-28930E048201} = {74F5772F-0EB8-4DD5-8236-08D74B858044}
		{146C447C-55DB-40F1-8A70-DBD16BC0C133} = {DFE405F3-DF70-422A-B77E-28930E048201}
		{4797F4E3-A41F-47FD-A856-96FF2573FFB8} = {DFE405F3-DF70-422A-B77E-28930E048201}
		{FD60C591-0C56-4E83-815A-F2A895B71460} = {DFE405F3-DF70-422A-B77E-28930E048201}
		{7B5987AC-55F1-4E91-8593-30A4591C54F2} = {5D223CD2-0528-4BC7-86AF-38FACD506353}
		{51D1B862-06E0-4AFF-92E9-8B8BB3C65CDA} = {5D223CD2-0528-4BC7-86AF-38FACD506353}
		{975BAAB9-607A-4931-A2FC-BE01F1D349FF} = {74F5772F-0EB8-4DD5-8236-08D74B858044}
		{8BC29F7C-D378-4DE3-B0BA-4FCDE76DB214} = {975BAAB9-607A-4931-A2FC-BE01F1D349FF}
		{259FD27E-93F0-49C1-AF92-D809BA879DDE} = {C47F55E6-5BCF-4A96-A5E6-61702E49FE6B}
	EndGlobalSection
	GlobalSection(ExtensibilityGlobals) = postSolution
		VisualSVNWorkingCopyRoot = .
		SolutionGuid = {7B1D3916-1287-42F0-8393-E1F844CCFEC5}
	EndGlobalSection
EndGlobal
